
Microsoft Visual Studio Solution File, Format Version 12.00
# Visual Studio 15
VisualStudioVersion = 15.0.27428.2043
MinimumVisualStudioVersion = 10.0.40219.1
Project("{9A19103F-16F7-4668-BE54-9A1E7A4F7556}") = "IOTCentral", "IOTCentral\IOTCentral.csproj", "{54C669FB-AB80-40D8-9C92-DAF02DA520F3}"
EndProject
Project("{FAE04EC0-301F-11D3-BF4B-00C04F79EFBC}") = "MobileClient.Android", "MobileClient\MobileClient.Android\MobileClient.Android.csproj", "{21E0178A-3366-4755-A1CC-2F2B39F25569}"
EndProject
Project("{FAE04EC0-301F-11D3-BF4B-00C04F79EFBC}") = "MobileClient.iOS", "MobileClient\MobileClient.iOS\MobileClient.iOS.csproj", "{313A2B12-3635-4448-A19B-8187DB36B28D}"
EndProject
Project("{FAE04EC0-301F-11D3-BF4B-00C04F79EFBC}") = "MobileClient", "MobileClient\MobileClient\MobileClient.csproj", "{5EF7C0DF-7F49-46BE-966B-F2016F42A087}"
EndProject
Project("{FAE04EC0-301F-11D3-BF4B-00C04F79EFBC}") = "SharedCode", "SharedCode\SharedCode.csproj", "{D1C613F5-35DA-4E38-A4A0-BF11A670EA8F}"
EndProject
Global
	GlobalSection(SolutionConfigurationPlatforms) = preSolution
		Ad-Hoc|Any CPU = Ad-Hoc|Any CPU
		Ad-Hoc|iPhone = Ad-Hoc|iPhone
		Ad-Hoc|iPhoneSimulator = Ad-Hoc|iPhoneSimulator
		AppStore|Any CPU = AppStore|Any CPU
		AppStore|iPhone = AppStore|iPhone
		AppStore|iPhoneSimulator = AppStore|iPhoneSimulator
		Debug|Any CPU = Debug|Any CPU
		Debug|iPhone = Debug|iPhone
		Debug|iPhoneSimulator = Debug|iPhoneSimulator
		Release|Any CPU = Release|Any CPU
		Release|iPhone = Release|iPhone
		Release|iPhoneSimulator = Release|iPhoneSimulator
	EndGlobalSection
	GlobalSection(ProjectConfigurationPlatforms) = postSolution
		{54C669FB-AB80-40D8-9C92-DAF02DA520F3}.Ad-Hoc|Any CPU.ActiveCfg = Release|Any CPU
		{54C669FB-AB80-40D8-9C92-DAF02DA520F3}.Ad-Hoc|Any CPU.Build.0 = Release|Any CPU
		{54C669FB-AB80-40D8-9C92-DAF02DA520F3}.Ad-Hoc|iPhone.ActiveCfg = Release|Any CPU
		{54C669FB-AB80-40D8-9C92-DAF02DA520F3}.Ad-Hoc|iPhone.Build.0 = Release|Any CPU
		{54C669FB-AB80-40D8-9C92-DAF02DA520F3}.Ad-Hoc|iPhoneSimulator.ActiveCfg = Release|Any CPU
		{54C669FB-AB80-40D8-9C92-DAF02DA520F3}.Ad-Hoc|iPhoneSimulator.Build.0 = Release|Any CPU
		{54C669FB-AB80-40D8-9C92-DAF02DA520F3}.AppStore|Any CPU.ActiveCfg = Release|Any CPU
		{54C669FB-AB80-40D8-9C92-DAF02DA520F3}.AppStore|Any CPU.Build.0 = Release|Any CPU
		{54C669FB-AB80-40D8-9C92-DAF02DA520F3}.AppStore|iPhone.ActiveCfg = Release|Any CPU
		{54C669FB-AB80-40D8-9C92-DAF02DA520F3}.AppStore|iPhone.Build.0 = Release|Any CPU
		{54C669FB-AB80-40D8-9C92-DAF02DA520F3}.AppStore|iPhoneSimulator.ActiveCfg = Release|Any CPU
		{54C669FB-AB80-40D8-9C92-DAF02DA520F3}.AppStore|iPhoneSimulator.Build.0 = Release|Any CPU
		{54C669FB-AB80-40D8-9C92-DAF02DA520F3}.Debug|Any CPU.ActiveCfg = Debug|Any CPU
		{54C669FB-AB80-40D8-9C92-DAF02DA520F3}.Debug|Any CPU.Build.0 = Debug|Any CPU
		{54C669FB-AB80-40D8-9C92-DAF02DA520F3}.Debug|iPhone.ActiveCfg = Debug|Any CPU
		{54C669FB-AB80-40D8-9C92-DAF02DA520F3}.Debug|iPhone.Build.0 = Debug|Any CPU
		{54C669FB-AB80-40D8-9C92-DAF02DA520F3}.Debug|iPhoneSimulator.ActiveCfg = Debug|Any CPU
		{54C669FB-AB80-40D8-9C92-DAF02DA520F3}.Debug|iPhoneSimulator.Build.0 = Debug|Any CPU
		{54C669FB-AB80-40D8-9C92-DAF02DA520F3}.Release|Any CPU.ActiveCfg = Release|Any CPU
		{54C669FB-AB80-40D8-9C92-DAF02DA520F3}.Release|Any CPU.Build.0 = Release|Any CPU
		{54C669FB-AB80-40D8-9C92-DAF02DA520F3}.Release|iPhone.ActiveCfg = Release|Any CPU
		{54C669FB-AB80-40D8-9C92-DAF02DA520F3}.Release|iPhone.Build.0 = Release|Any CPU
		{54C669FB-AB80-40D8-9C92-DAF02DA520F3}.Release|iPhoneSimulator.ActiveCfg = Release|Any CPU
		{54C669FB-AB80-40D8-9C92-DAF02DA520F3}.Release|iPhoneSimulator.Build.0 = Release|Any CPU
		{21E0178A-3366-4755-A1CC-2F2B39F25569}.Ad-Hoc|Any CPU.ActiveCfg = Release|Any CPU
		{21E0178A-3366-4755-A1CC-2F2B39F25569}.Ad-Hoc|Any CPU.Build.0 = Release|Any CPU
		{21E0178A-3366-4755-A1CC-2F2B39F25569}.Ad-Hoc|Any CPU.Deploy.0 = Release|Any CPU
		{21E0178A-3366-4755-A1CC-2F2B39F25569}.Ad-Hoc|iPhone.ActiveCfg = Release|Any CPU
		{21E0178A-3366-4755-A1CC-2F2B39F25569}.Ad-Hoc|iPhone.Build.0 = Release|Any CPU
		{21E0178A-3366-4755-A1CC-2F2B39F25569}.Ad-Hoc|iPhone.Deploy.0 = Release|Any CPU
		{21E0178A-3366-4755-A1CC-2F2B39F25569}.Ad-Hoc|iPhoneSimulator.ActiveCfg = Release|Any CPU
		{21E0178A-3366-4755-A1CC-2F2B39F25569}.Ad-Hoc|iPhoneSimulator.Build.0 = Release|Any CPU
		{21E0178A-3366-4755-A1CC-2F2B39F25569}.Ad-Hoc|iPhoneSimulator.Deploy.0 = Release|Any CPU
		{21E0178A-3366-4755-A1CC-2F2B39F25569}.AppStore|Any CPU.ActiveCfg = Release|Any CPU
		{21E0178A-3366-4755-A1CC-2F2B39F25569}.AppStore|Any CPU.Build.0 = Release|Any CPU
		{21E0178A-3366-4755-A1CC-2F2B39F25569}.AppStore|Any CPU.Deploy.0 = Release|Any CPU
		{21E0178A-3366-4755-A1CC-2F2B39F25569}.AppStore|iPhone.ActiveCfg = Release|Any CPU
		{21E0178A-3366-4755-A1CC-2F2B39F25569}.AppStore|iPhone.Build.0 = Release|Any CPU
		{21E0178A-3366-4755-A1CC-2F2B39F25569}.AppStore|iPhone.Deploy.0 = Release|Any CPU
		{21E0178A-3366-4755-A1CC-2F2B39F25569}.AppStore|iPhoneSimulator.ActiveCfg = Release|Any CPU
		{21E0178A-3366-4755-A1CC-2F2B39F25569}.AppStore|iPhoneSimulator.Build.0 = Release|Any CPU
		{21E0178A-3366-4755-A1CC-2F2B39F25569}.AppStore|iPhoneSimulator.Deploy.0 = Release|Any CPU
		{21E0178A-3366-4755-A1CC-2F2B39F25569}.Debug|Any CPU.ActiveCfg = Debug|Any CPU
		{21E0178A-3366-4755-A1CC-2F2B39F25569}.Debug|Any CPU.Build.0 = Debug|Any CPU
		{21E0178A-3366-4755-A1CC-2F2B39F25569}.Debug|Any CPU.Deploy.0 = Debug|Any CPU
		{21E0178A-3366-4755-A1CC-2F2B39F25569}.Debug|iPhone.ActiveCfg = Debug|Any CPU
		{21E0178A-3366-4755-A1CC-2F2B39F25569}.Debug|iPhone.Build.0 = Debug|Any CPU
		{21E0178A-3366-4755-A1CC-2F2B39F25569}.Debug|iPhone.Deploy.0 = Debug|Any CPU
		{21E0178A-3366-4755-A1CC-2F2B39F25569}.Debug|iPhoneSimulator.ActiveCfg = Debug|Any CPU
		{21E0178A-3366-4755-A1CC-2F2B39F25569}.Debug|iPhoneSimulator.Build.0 = Debug|Any CPU
		{21E0178A-3366-4755-A1CC-2F2B39F25569}.Debug|iPhoneSimulator.Deploy.0 = Debug|Any CPU
		{21E0178A-3366-4755-A1CC-2F2B39F25569}.Release|Any CPU.ActiveCfg = Release|Any CPU
		{21E0178A-3366-4755-A1CC-2F2B39F25569}.Release|Any CPU.Build.0 = Release|Any CPU
		{21E0178A-3366-4755-A1CC-2F2B39F25569}.Release|Any CPU.Deploy.0 = Release|Any CPU
		{21E0178A-3366-4755-A1CC-2F2B39F25569}.Release|iPhone.ActiveCfg = Release|Any CPU
		{21E0178A-3366-4755-A1CC-2F2B39F25569}.Release|iPhone.Build.0 = Release|Any CPU
		{21E0178A-3366-4755-A1CC-2F2B39F25569}.Release|iPhone.Deploy.0 = Release|Any CPU
		{21E0178A-3366-4755-A1CC-2F2B39F25569}.Release|iPhoneSimulator.ActiveCfg = Release|Any CPU
		{21E0178A-3366-4755-A1CC-2F2B39F25569}.Release|iPhoneSimulator.Build.0 = Release|Any CPU
		{21E0178A-3366-4755-A1CC-2F2B39F25569}.Release|iPhoneSimulator.Deploy.0 = Release|Any CPU
		{313A2B12-3635-4448-A19B-8187DB36B28D}.Ad-Hoc|Any CPU.ActiveCfg = Ad-Hoc|iPhone
		{313A2B12-3635-4448-A19B-8187DB36B28D}.Ad-Hoc|iPhone.ActiveCfg = Ad-Hoc|iPhone
		{313A2B12-3635-4448-A19B-8187DB36B28D}.Ad-Hoc|iPhone.Build.0 = Ad-Hoc|iPhone
		{313A2B12-3635-4448-A19B-8187DB36B28D}.Ad-Hoc|iPhoneSimulator.ActiveCfg = Ad-Hoc|iPhoneSimulator
		{313A2B12-3635-4448-A19B-8187DB36B28D}.Ad-Hoc|iPhoneSimulator.Build.0 = Ad-Hoc|iPhoneSimulator
		{313A2B12-3635-4448-A19B-8187DB36B28D}.AppStore|Any CPU.ActiveCfg = AppStore|iPhone
		{313A2B12-3635-4448-A19B-8187DB36B28D}.AppStore|iPhone.ActiveCfg = AppStore|iPhone
		{313A2B12-3635-4448-A19B-8187DB36B28D}.AppStore|iPhone.Build.0 = AppStore|iPhone
		{313A2B12-3635-4448-A19B-8187DB36B28D}.AppStore|iPhoneSimulator.ActiveCfg = AppStore|iPhoneSimulator
		{313A2B12-3635-4448-A19B-8187DB36B28D}.AppStore|iPhoneSimulator.Build.0 = AppStore|iPhoneSimulator
		{313A2B12-3635-4448-A19B-8187DB36B28D}.Debug|Any CPU.ActiveCfg = Debug|iPhone
		{313A2B12-3635-4448-A19B-8187DB36B28D}.Debug|iPhone.ActiveCfg = Debug|iPhone
		{313A2B12-3635-4448-A19B-8187DB36B28D}.Debug|iPhone.Build.0 = Debug|iPhone
		{313A2B12-3635-4448-A19B-8187DB36B28D}.Debug|iPhoneSimulator.ActiveCfg = Debug|iPhoneSimulator
		{313A2B12-3635-4448-A19B-8187DB36B28D}.Debug|iPhoneSimulator.Build.0 = Debug|iPhoneSimulator
		{313A2B12-3635-4448-A19B-8187DB36B28D}.Release|Any CPU.ActiveCfg = Release|iPhone
		{313A2B12-3635-4448-A19B-8187DB36B28D}.Release|iPhone.ActiveCfg = Release|iPhone
		{313A2B12-3635-4448-A19B-8187DB36B28D}.Release|iPhone.Build.0 = Release|iPhone
		{313A2B12-3635-4448-A19B-8187DB36B28D}.Release|iPhoneSimulator.ActiveCfg = Release|iPhoneSimulator
		{313A2B12-3635-4448-A19B-8187DB36B28D}.Release|iPhoneSimulator.Build.0 = Release|iPhoneSimulator
		{5EF7C0DF-7F49-46BE-966B-F2016F42A087}.Ad-Hoc|Any CPU.ActiveCfg = Debug|Any CPU
		{5EF7C0DF-7F49-46BE-966B-F2016F42A087}.Ad-Hoc|Any CPU.Build.0 = Debug|Any CPU
		{5EF7C0DF-7F49-46BE-966B-F2016F42A087}.Ad-Hoc|iPhone.ActiveCfg = Debug|Any CPU
		{5EF7C0DF-7F49-46BE-966B-F2016F42A087}.Ad-Hoc|iPhone.Build.0 = Debug|Any CPU
		{5EF7C0DF-7F49-46BE-966B-F2016F42A087}.Ad-Hoc|iPhoneSimulator.ActiveCfg = Debug|Any CPU
		{5EF7C0DF-7F49-46BE-966B-F2016F42A087}.Ad-Hoc|iPhoneSimulator.Build.0 = Debug|Any CPU
		{5EF7C0DF-7F49-46BE-966B-F2016F42A087}.AppStore|Any CPU.ActiveCfg = Debug|Any CPU
		{5EF7C0DF-7F49-46BE-966B-F2016F42A087}.AppStore|Any CPU.Build.0 = Debug|Any CPU
		{5EF7C0DF-7F49-46BE-966B-F2016F42A087}.AppStore|iPhone.ActiveCfg = Debug|Any CPU
		{5EF7C0DF-7F49-46BE-966B-F2016F42A087}.AppStore|iPhone.Build.0 = Debug|Any CPU
		{5EF7C0DF-7F49-46BE-966B-F2016F42A087}.AppStore|iPhoneSimulator.ActiveCfg = Debug|Any CPU
		{5EF7C0DF-7F49-46BE-966B-F2016F42A087}.AppStore|iPhoneSimulator.Build.0 = Debug|Any CPU
		{5EF7C0DF-7F49-46BE-966B-F2016F42A087}.Debug|Any CPU.ActiveCfg = Debug|Any CPU
		{5EF7C0DF-7F49-46BE-966B-F2016F42A087}.Debug|Any CPU.Build.0 = Debug|Any CPU
		{5EF7C0DF-7F49-46BE-966B-F2016F42A087}.Debug|iPhone.ActiveCfg = Debug|Any CPU
		{5EF7C0DF-7F49-46BE-966B-F2016F42A087}.Debug|iPhone.Build.0 = Debug|Any CPU
		{5EF7C0DF-7F49-46BE-966B-F2016F42A087}.Debug|iPhoneSimulator.ActiveCfg = Debug|Any CPU
		{5EF7C0DF-7F49-46BE-966B-F2016F42A087}.Debug|iPhoneSimulator.Build.0 = Debug|Any CPU
		{5EF7C0DF-7F49-46BE-966B-F2016F42A087}.Release|Any CPU.ActiveCfg = Release|Any CPU
		{5EF7C0DF-7F49-46BE-966B-F2016F42A087}.Release|Any CPU.Build.0 = Release|Any CPU
		{5EF7C0DF-7F49-46BE-966B-F2016F42A087}.Release|iPhone.ActiveCfg = Release|Any CPU
		{5EF7C0DF-7F49-46BE-966B-F2016F42A087}.Release|iPhone.Build.0 = Release|Any CPU
		{5EF7C0DF-7F49-46BE-966B-F2016F42A087}.Release|iPhoneSimulator.ActiveCfg = Release|Any CPU
		{5EF7C0DF-7F49-46BE-966B-F2016F42A087}.Release|iPhoneSimulator.Build.0 = Release|Any CPU
		{D1C613F5-35DA-4E38-A4A0-BF11A670EA8F}.Ad-Hoc|Any CPU.ActiveCfg = Debug|Any CPU
		{D1C613F5-35DA-4E38-A4A0-BF11A670EA8F}.Ad-Hoc|Any CPU.Build.0 = Debug|Any CPU
		{D1C613F5-35DA-4E38-A4A0-BF11A670EA8F}.Ad-Hoc|iPhone.ActiveCfg = Debug|Any CPU
		{D1C613F5-35DA-4E38-A4A0-BF11A670EA8F}.Ad-Hoc|iPhone.Build.0 = Debug|Any CPU
		{D1C613F5-35DA-4E38-A4A0-BF11A670EA8F}.Ad-Hoc|iPhoneSimulator.ActiveCfg = Debug|Any CPU
		{D1C613F5-35DA-4E38-A4A0-BF11A670EA8F}.Ad-Hoc|iPhoneSimulator.Build.0 = Debug|Any CPU
		{D1C613F5-35DA-4E38-A4A0-BF11A670EA8F}.AppStore|Any CPU.ActiveCfg = Debug|Any CPU
		{D1C613F5-35DA-4E38-A4A0-BF11A670EA8F}.AppStore|Any CPU.Build.0 = Debug|Any CPU
		{D1C613F5-35DA-4E38-A4A0-BF11A670EA8F}.AppStore|iPhone.ActiveCfg = Debug|Any CPU
		{D1C613F5-35DA-4E38-A4A0-BF11A670EA8F}.AppStore|iPhone.Build.0 = Debug|Any CPU
		{D1C613F5-35DA-4E38-A4A0-BF11A670EA8F}.AppStore|iPhoneSimulator.ActiveCfg = Debug|Any CPU
		{D1C613F5-35DA-4E38-A4A0-BF11A670EA8F}.AppStore|iPhoneSimulator.Build.0 = Debug|Any CPU
		{D1C613F5-35DA-4E38-A4A0-BF11A670EA8F}.Debug|Any CPU.ActiveCfg = Debug|Any CPU
		{D1C613F5-35DA-4E38-A4A0-BF11A670EA8F}.Debug|Any CPU.Build.0 = Debug|Any CPU
		{D1C613F5-35DA-4E38-A4A0-BF11A670EA8F}.Debug|iPhone.ActiveCfg = Debug|Any CPU
		{D1C613F5-35DA-4E38-A4A0-BF11A670EA8F}.Debug|iPhone.Build.0 = Debug|Any CPU
		{D1C613F5-35DA-4E38-A4A0-BF11A670EA8F}.Debug|iPhoneSimulator.ActiveCfg = Debug|Any CPU
		{D1C613F5-35DA-4E38-A4A0-BF11A670EA8F}.Debug|iPhoneSimulator.Build.0 = Debug|Any CPU
		{D1C613F5-35DA-4E38-A4A0-BF11A670EA8F}.Release|Any CPU.ActiveCfg = Release|Any CPU
		{D1C613F5-35DA-4E38-A4A0-BF11A670EA8F}.Release|Any CPU.Build.0 = Release|Any CPU
		{D1C613F5-35DA-4E38-A4A0-BF11A670EA8F}.Release|iPhone.ActiveCfg = Release|Any CPU
		{D1C613F5-35DA-4E38-A4A0-BF11A670EA8F}.Release|iPhone.Build.0 = Release|Any CPU
		{D1C613F5-35DA-4E38-A4A0-BF11A670EA8F}.Release|iPhoneSimulator.ActiveCfg = Release|Any CPU
		{D1C613F5-35DA-4E38-A4A0-BF11A670EA8F}.Release|iPhoneSimulator.Build.0 = Release|Any CPU
	EndGlobalSection
	GlobalSection(SolutionProperties) = preSolution
		HideSolutionNode = FALSE
	EndGlobalSection
	GlobalSection(ExtensibilityGlobals) = postSolution
		SolutionGuid = {517A0BCC-F0C7-4893-AF3A-F5E9C4167C06}
	EndGlobalSection
EndGlobal
